
Microsoft Visual Studio Solution File, Format Version 12.00
# Visual Studio 15
VisualStudioVersion = 15.0.28010.0
MinimumVisualStudioVersion = 10.0.40219.1
Project("{FAE04EC0-301F-11D3-BF4B-00C04F79EFBC}") = "PlanetAndSpaceships", "PlanetAndSpaceships\PlanetAndSpaceships.csproj", "{E75A6250-0E8B-4000-A7B4-9CE72C9B56DD}"
EndProject
Global
	GlobalSection(SolutionConfigurationPlatforms) = preSolution
		Debug|Any CPU = Debug|Any CPU
		Release|Any CPU = Release|Any CPU
	EndGlobalSection
	GlobalSection(ProjectConfigurationPlatforms) = postSolution
		{E75A6250-0E8B-4000-A7B4-9CE72C9B56DD}.Debug|Any CPU.ActiveCfg = Debug|Any CPU
		{E75A6250-0E8B-4000-A7B4-9CE72C9B56DD}.Debug|Any CPU.Build.0 = Debug|Any CPU
		{E75A6250-0E8B-4000-A7B4-9CE72C9B56DD}.Release|Any CPU.ActiveCfg = Release|Any CPU
		{E75A6250-0E8B-4000-A7B4-9CE72C9B56DD}.Release|Any CPU.Build.0 = Release|Any CPU
	EndGlobalSection
	GlobalSection(SolutionProperties) = preSolution
		HideSolutionNode = FALSE
	EndGlobalSection
	GlobalSection(ExtensibilityGlobals) = postSolution
		SolutionGuid = {2DA388C8-AB2D-4C47-AB02-D7385AC5E035}
	EndGlobalSection
EndGlobal
